{
    "_readme": [
        "This file locks the dependencies of your project to a known state",
        "Read more about it at https://getcomposer.org/doc/01-basic-usage.md#installing-dependencies",
        "This file is @generated automatically"
    ],
    "content-hash": "0866a1854f0cb4ef2911dc9c0b6db188",
    "packages": [
        {
            "name": "yumaeda/shipping-fee",
            "version": "v1.0.2",
            "source": {
                "type": "git",
                "url": "https://github.com/yumaeda/shipping-fee.git",
                "reference": "a1319426c57139a6c1f5eeb3ae0afb30d1f02480"
            },
            "dist": {
                "type": "zip",
                "url": "https://api.github.com/repos/yumaeda/shipping-fee/zipball/a1319426c57139a6c1f5eeb3ae0afb30d1f02480",
                "reference": "a1319426c57139a6c1f5eeb3ae0afb30d1f02480",
                "shasum": ""
            },
            "require": {
                "php": ">=5.4.0"
            },
            "require-dev": {
                "phpunit/phpunit": "^6.5"
            },
            "type": "library",
            "autoload": {
                "psr-4": {
                    "Yumaeda\\": "src/"
                }
            },
            "notification-url": "https://packagist.org/downloads/",
            "license": [
                "MIT"
            ],
            "authors": [
                {
                    "name": "Yukitaka Maeda",
                    "homepage": "https://github.com/yumaeda",
                    "role": "Developer"
                }
            ],
            "description": "Calculates shipping fee upon delivery in Japan based on various conditions",
            "homepage": "https://github.com/yumaeda/shipping-fee",
            "keywords": [
                "fee",
                "japan",
                "shipping"
            ],
            "time": "2018-05-15T15:57:00+00:00"
        }
    ],
    "packages-dev": [],
    "aliases": [],
    "minimum-stability": "stable",
    "stability-flags": [],
    "prefer-stable": false,
    "prefer-lowest": false,
    "platform": [],
    "platform-dev": []
}
